{
    "name": "app",
    "lockfileVersion": 2,
    "requires": true,
    "packages": {
        "": {
            "dependencies": {
                "@gouvfr/dsfr": "1.6"
            }
        },
        "node_modules/@gouvfr/dsfr": {
            "version": "1.6.0",
            "resolved": "https://registry.npmjs.org/@gouvfr/dsfr/-/dsfr-1.6.0.tgz",
            "integrity": "sha512-1d/Uh9xqMWYGYG+/Zb5eg2lROB8MFq0Dy2G000/L8qAWi/LjQaX27U3TfCGwQ5l34Pna6x2/HV74foeIfsoaGA==",
            "engines": {
                "node": ">=14.18.0"
            }
        }
    },
    "dependencies": {
        "@gouvfr/dsfr": {
            "version": "1.6.0",
            "resolved": "https://registry.npmjs.org/@gouvfr/dsfr/-/dsfr-1.6.0.tgz",
            "integrity": "sha512-1d/Uh9xqMWYGYG+/Zb5eg2lROB8MFq0Dy2G000/L8qAWi/LjQaX27U3TfCGwQ5l34Pna6x2/HV74foeIfsoaGA=="
        }
    }
}
