{
    "name": "app",
    "lockfileVersion": 2,
    "requires": true,
    "packages": {
        "": {
            "dependencies": {
                "@gouvfr/dsfr": "1.11.0"
            }
        },
        "node_modules/@gouvfr/dsfr": {
            "version": "1.11.0",
            "resolved": "https://registry.npmjs.org/@gouvfr/dsfr/-/dsfr-1.11.0.tgz",
            "integrity": "sha512-RD+kUk9iJJ4B7xFdAFCNQz0LRqYiMy9dajlKfgnmDPSrYHm+JCJpYCzXhNjYyp4FJggMafRd1ZqJJ6KW6aM0Jw==",
            "engines": {
                "node": ">=18.16.1"
            }
        }
    },
    "dependencies": {
        "@gouvfr/dsfr": {
            "version": "1.11.0",
            "resolved": "https://registry.npmjs.org/@gouvfr/dsfr/-/dsfr-1.11.0.tgz",
            "integrity": "sha512-RD+kUk9iJJ4B7xFdAFCNQz0LRqYiMy9dajlKfgnmDPSrYHm+JCJpYCzXhNjYyp4FJggMafRd1ZqJJ6KW6aM0Jw=="
        }
    }
}
