# THIS IS AN AUTOGENERATED FILE. DO NOT EDIT THIS FILE DIRECTLY.
# yarn lockfile v1


"@gouvfr/dsfr@1.0.0-rc1.0":
  "integrity" "sha512-mXfun0FzqeSgfyti6SsdPQHSpNsQBOJNkzZtvoN8KfaUGP3asupaMXe2CbRgrkV3ogqM0n/vToWjYjLzBwPxuQ=="
  "resolved" "https://registry.npmjs.org/@gouvfr/dsfr/-/dsfr-1.0.0-rc1.0.tgz"
  "version" "1.0.0-rc1.0"

"remixicon@^2.5.0":
  "integrity" "sha512-q54ra2QutYDZpuSnFjmeagmEiN9IMo56/zz5dDNitzKD23oFRw77cWo4TsrAdmdkPiEn8mxlrTqxnkujDbEGww=="
  "resolved" "https://registry.npmjs.org/remixicon/-/remixicon-2.5.0.tgz"
  "version" "2.5.0"
